
Microsoft Visual Studio Solution File, Format Version 12.00
# Visual Studio Version 17
VisualStudioVersion = 17.11.35327.3
MinimumVisualStudioVersion = 10.0.40219.1
Project("{FAE04EC0-301F-11D3-BF4B-00C04F79EFBC}") = "CSWIN.Editor.UI", "CSWIN.Editor.UI\CSWIN.Editor.UI.csproj", "{F1D9BCE5-6226-4333-9467-2C7FC86971E8}"
EndProject
Project("{FAE04EC0-301F-11D3-BF4B-00C04F79EFBC}") = "CSWIN.ComponentsAPI", "CSWIN.ComponentsAPI\CSWIN.ComponentsAPI.csproj", "{C28F265C-8A0D-4F83-BB19-C4BE1A6E2D03}"
EndProject
Global
	GlobalSection(SolutionConfigurationPlatforms) = preSolution
		Debug|Any CPU = Debug|Any CPU
		Release|Any CPU = Release|Any CPU
	EndGlobalSection
	GlobalSection(ProjectConfigurationPlatforms) = postSolution
		{F1D9BCE5-6226-4333-9467-2C7FC86971E8}.Debug|Any CPU.ActiveCfg = Debug|Any CPU
		{F1D9BCE5-6226-4333-9467-2C7FC86971E8}.Debug|Any CPU.Build.0 = Debug|Any CPU
		{F1D9BCE5-6226-4333-9467-2C7FC86971E8}.Release|Any CPU.ActiveCfg = Release|Any CPU
		{F1D9BCE5-6226-4333-9467-2C7FC86971E8}.Release|Any CPU.Build.0 = Release|Any CPU
		{C28F265C-8A0D-4F83-BB19-C4BE1A6E2D03}.Debug|Any CPU.ActiveCfg = Debug|Any CPU
		{C28F265C-8A0D-4F83-BB19-C4BE1A6E2D03}.Debug|Any CPU.Build.0 = Debug|Any CPU
		{C28F265C-8A0D-4F83-BB19-C4BE1A6E2D03}.Release|Any CPU.ActiveCfg = Release|Any CPU
		{C28F265C-8A0D-4F83-BB19-C4BE1A6E2D03}.Release|Any CPU.Build.0 = Release|Any CPU
	EndGlobalSection
	GlobalSection(SolutionProperties) = preSolution
		HideSolutionNode = FALSE
	EndGlobalSection
	GlobalSection(ExtensibilityGlobals) = postSolution
		SolutionGuid = {788BBF21-6618-4C7A-B2B2-65B7217566AA}
	EndGlobalSection
EndGlobal
